# Generated by pub
# See http://pub.dartlang.org/doc/glossary.html#lockfile
packages:
  analyzer:
    description: analyzer
    source: hosted
    version: "0.10.4"
  args:
    description: args
    source: hosted
    version: "0.9.0"
  browser:
    description: browser
    source: hosted
    version: "0.9.1"
  http_server:
    description: http_server
    source: hosted
    version: "0.9.1"
  intl:
    description: intl
    source: hosted
    version: "0.9.0"
  logging:
    description: logging
    source: hosted
    version: "0.9.0"
  logging_handlers:
    description: logging_handlers
    source: hosted
    version: "0.8.0"
  mime:
    description: mime
    source: hosted
    version: "0.9.0"
  path:
    description: path
    source: hosted
    version: "0.9.0"
  stack_trace:
    description: stack_trace
    source: hosted
    version: "0.9.0"
  start:
    description: start
    source: hosted
    version: "0.2.0"
  unittest:
    description: unittest
    source: hosted
    version: "0.9.0"
  unmodifiable_collection:
    description: unmodifiable_collection
    source: hosted
    version: "0.9.0"
